<?xml version="1.0" encoding="utf-8"?>
<Project ToolsVersion="4.0" xmlns="http://schemas.microsoft.com/developer/msbuild/2003">
  <ItemGroup>
    <Filter Include="Source Files">
      <UniqueIdentifier>{4FC737F1-C7A5-4376-A066-2A32D752A2FF}</UniqueIdentifier>
      <Extensions>cpp;c;cc;cxx;def;odl;idl;hpj;bat;asm;asmx</Extensions>
    </Filter>
    <Filter Include="Header Files">
      <UniqueIdentifier>{93995380-89BD-4b04-88EB-625FBE52EBFB}</UniqueIdentifier>
      <Extensions>h;hh;hpp;hxx;hm;inl;inc;xsd</Extensions>
    </Filter>
    <Filter Include="Resource Files">
      <UniqueIdentifier>{67DA6AB6-F800-4c08-8B7A-83BB121AAD01}</UniqueIdentifier>
      <Extensions>rc;ico;cur;bmp;dlg;rc2;rct;bin;rgs;gif;jpg;jpeg;jpe;resx;tiff;tif;png;wav;mfcribbon-ms</Extensions>
    </Filter>
    <Filter Include="Header Files\MFCDefault">
      <UniqueIdentifier>{d7c3166a-83ac-4c61-8ba8-bea0cb10cc75}</UniqueIdentifier>
    </Filter>
    <Filter Include="Source Files\MFCDefault">
      <UniqueIdentifier>{c41eb525-f461-4a10-a268-4126e538d54e}</UniqueIdentifier>
    </Filter>
    <Filter Include="Resource Files\MFCDefault">
      <UniqueIdentifier>{6d0f44b5-b8fc-426f-92b6-99194006f63c}</UniqueIdentifier>
    </Filter>
  </ItemGroup>
  <ItemGroup>
    <Text Include="ReadMe.txt" />
  </ItemGroup>
  <ItemGroup>
    <ClInclude Include="MainFrm.h">
      <Filter>Header Files</Filter>
    </ClInclude>
    <ClInclude Include="MarioMapEditorDoc.h">
      <Filter>Header Files</Filter>
    </ClInclude>
    <ClInclude Include="MarioMapEditorView.h">
      <Filter>Header Files</Filter>
    </ClInclude>
    <ClInclude Include="Resource.h">
      <Filter>Header Files</Filter>
    </ClInclude>
    <ClInclude Include="ObjectPropertyMapper.h">
      <Filter>Header Files</Filter>
    </ClInclude>
    <ClInclude Include="MFCPropertyGridPropertyEnum.h">
      <Filter>Header Files</Filter>
    </ClInclude>
    <ClInclude Include="ChildFrm.h">
      <Filter>Header Files\MFCDefault</Filter>
    </ClInclude>
    <ClInclude Include="ClassView.h">
      <Filter>Header Files\MFCDefault</Filter>
    </ClInclude>
    <ClInclude Include="FileView.h">
      <Filter>Header Files\MFCDefault</Filter>
    </ClInclude>
    <ClInclude Include="PropertiesWnd.h">
      <Filter>Header Files\MFCDefault</Filter>
    </ClInclude>
    <ClInclude Include="OutputWnd.h">
      <Filter>Header Files\MFCDefault</Filter>
    </ClInclude>
    <ClInclude Include="MarioMapEditor.h">
      <Filter>Header Files\MFCDefault</Filter>
    </ClInclude>
    <ClInclude Include="stdafx.h">
      <Filter>Header Files\MFCDefault</Filter>
    </ClInclude>
    <ClInclude Include="targetver.h">
      <Filter>Header Files\MFCDefault</Filter>
    </ClInclude>
    <ClInclude Include="ViewTree.h">
      <Filter>Header Files\MFCDefault</Filter>
    </ClInclude>
    <ClInclude Include="CostumeDlg.h">
      <Filter>Header Files</Filter>
    </ClInclude>
    <ClInclude Include="SubStageDlg.h">
      <Filter>Header Files</Filter>
    </ClInclude>
    <ClInclude Include="..\Version.h">
      <Filter>Header Files</Filter>
    </ClInclude>
    <ClInclude Include="SelectAbilityDlg.h">
      <Filter>Header Files</Filter>
    </ClInclude>
    <ClInclude Include="UserNameDlg.h">
      <Filter>Header Files</Filter>
    </ClInclude>
    <ClInclude Include="CreatorCommentDlg.h">
      <Filter>Header Files</Filter>
    </ClInclude>
    <ClInclude Include="QuestionDlg.h">
      <Filter>Header Files</Filter>
    </ClInclude>
  </ItemGroup>
  <ItemGroup>
    <ClCompile Include="MainFrm.cpp">
      <Filter>Source Files</Filter>
    </ClCompile>
    <ClCompile Include="MarioMapEditorDoc.cpp">
      <Filter>Source Files</Filter>
    </ClCompile>
    <ClCompile Include="MarioMapEditorView.cpp">
      <Filter>Source Files</Filter>
    </ClCompile>
    <ClCompile Include="ObjectPropertyMapper.cpp">
      <Filter>Source Files</Filter>
    </ClCompile>
    <ClCompile Include="MFCPropertyGridPropertyEnum.cpp">
      <Filter>Source Files</Filter>
    </ClCompile>
    <ClCompile Include="ChildFrm.cpp">
      <Filter>Source Files\MFCDefault</Filter>
    </ClCompile>
    <ClCompile Include="ClassView.cpp">
      <Filter>Source Files\MFCDefault</Filter>
    </ClCompile>
    <ClCompile Include="FileView.cpp">
      <Filter>Source Files\MFCDefault</Filter>
    </ClCompile>
    <ClCompile Include="PropertiesWnd.cpp">
      <Filter>Source Files\MFCDefault</Filter>
    </ClCompile>
    <ClCompile Include="OutputWnd.cpp">
      <Filter>Source Files\MFCDefault</Filter>
    </ClCompile>
    <ClCompile Include="stdafx.cpp">
      <Filter>Source Files\MFCDefault</Filter>
    </ClCompile>
    <ClCompile Include="ViewTree.cpp">
      <Filter>Source Files\MFCDefault</Filter>
    </ClCompile>
    <ClCompile Include="CostumeDlg.cpp">
      <Filter>Source Files</Filter>
    </ClCompile>
    <ClCompile Include="SubStageDlg.cpp">
      <Filter>Source Files</Filter>
    </ClCompile>
    <ClCompile Include="SelectAbilityDlg.cpp">
      <Filter>Source Files</Filter>
    </ClCompile>
    <ClCompile Include="UserNameDlg.cpp">
      <Filter>Source Files</Filter>
    </ClCompile>
    <ClCompile Include="MarioMapEditor.cpp">
      <Filter>Source Files</Filter>
    </ClCompile>
    <ClCompile Include="CreatorCommentDlg.cpp">
      <Filter>Source Files</Filter>
    </ClCompile>
    <ClCompile Include="QuestionDlg.cpp">
      <Filter>Source Files</Filter>
    </ClCompile>
  </ItemGroup>
  <ItemGroup>
    <None Include="MarioMapEditor.reg" />
    <None Include="res\MarioHand.cur">
      <Filter>Resource Files</Filter>
    </None>
    <None Include="res\Eraser.cur">
      <Filter>Resource Files</Filter>
    </None>
    <None Include="res\MarioMapEditor.rc2">
      <Filter>Resource Files</Filter>
    </None>
    <None Include="res\MarioClickHand.cur">
      <Filter>Resource Files</Filter>
    </None>
  </ItemGroup>
  <ItemGroup>
    <ResourceCompile Include="MarioMapEditor.rc">
      <Filter>Resource Files</Filter>
    </ResourceCompile>
  </ItemGroup>
  <ItemGroup>
    <Image Include="res\MarioMapEditorDoc.ico">
      <Filter>Resource Files</Filter>
    </Image>
    <Image Include="res\MarioMapEditor.ico">
      <Filter>Resource Files</Filter>
    </Image>
    <Image Include="res\Toolbar.bmp">
      <Filter>Resource Files</Filter>
    </Image>
    <Image Include="res\Toolbar256.bmp">
      <Filter>Resource Files</Filter>
    </Image>
    <Image Include="res\ToolbarBlocks.bmp">
      <Filter>Resource Files</Filter>
    </Image>
    <Image Include="..\Mario.ico">
      <Filter>Resource Files</Filter>
    </Image>
    <Image Include="res\ToolbarItems.bmp">
      <Filter>Resource Files</Filter>
    </Image>
    <Image Include="res\ToolbarEnemies.bmp">
      <Filter>Resource Files</Filter>
    </Image>
    <Image Include="res\ToolbarMapObjects.bmp">
      <Filter>Resource Files</Filter>
    </Image>
    <Image Include="res\ToolbarEventObjects.bmp">
      <Filter>Resource Files</Filter>
    </Image>
    <Image Include="res\class_view.ico">
      <Filter>Resource Files\MFCDefault</Filter>
    </Image>
    <Image Include="res\class_view_hc.ico">
      <Filter>Resource Files\MFCDefault</Filter>
    </Image>
    <Image Include="res\classview.bmp">
      <Filter>Resource Files\MFCDefault</Filter>
    </Image>
    <Image Include="res\classview_hc.bmp">
      <Filter>Resource Files\MFCDefault</Filter>
    </Image>
    <Image Include="res\explorer.bmp">
      <Filter>Resource Files\MFCDefault</Filter>
    </Image>
    <Image Include="res\explorer_hc.bmp">
      <Filter>Resource Files\MFCDefault</Filter>
    </Image>
    <Image Include="res\file_view.ico">
      <Filter>Resource Files\MFCDefault</Filter>
    </Image>
    <Image Include="res\file_view_hc.ico">
      <Filter>Resource Files\MFCDefault</Filter>
    </Image>
    <Image Include="res\fileview.bmp">
      <Filter>Resource Files\MFCDefault</Filter>
    </Image>
    <Image Include="res\fileview_hc.bmp">
      <Filter>Resource Files\MFCDefault</Filter>
    </Image>
    <Image Include="res\menuimages.bmp">
      <Filter>Resource Files\MFCDefault</Filter>
    </Image>
    <Image Include="res\menuimages_hc.bmp">
      <Filter>Resource Files\MFCDefault</Filter>
    </Image>
    <Image Include="res\output_wnd.ico">
      <Filter>Resource Files\MFCDefault</Filter>
    </Image>
    <Image Include="res\output_wnd_hc.ico">
      <Filter>Resource Files\MFCDefault</Filter>
    </Image>
    <Image Include="res\properties.bmp">
      <Filter>Resource Files\MFCDefault</Filter>
    </Image>
    <Image Include="res\properties_hc.bmp">
      <Filter>Resource Files\MFCDefault</Filter>
    </Image>
    <Image Include="res\properties_wnd.ico">
      <Filter>Resource Files\MFCDefault</Filter>
    </Image>
    <Image Include="res\properties_wnd_hc.ico">
      <Filter>Resource Files\MFCDefault</Filter>
    </Image>
    <Image Include="res\sort.bmp">
      <Filter>Resource Files\MFCDefault</Filter>
    </Image>
    <Image Include="res\sort_hc.bmp">
      <Filter>Resource Files\MFCDefault</Filter>
    </Image>
    <Image Include="UserImages.bmp">
      <Filter>Resource Files\MFCDefault</Filter>
    </Image>
    <Image Include="res\toolbar1.bmp">
      <Filter>Resource Files</Filter>
    </Image>
    <Image Include="res\ToolbarVehicles.bmp">
      <Filter>Resource Files</Filter>
    </Image>
    <Image Include="res\Ability0001.bmp">
      <Filter>Resource Files</Filter>
    </Image>
    <Image Include="res\Ability0002.bmp">
      <Filter>Resource Files</Filter>
    </Image>
    <Image Include="res\Ability0004.bmp">
      <Filter>Resource Files</Filter>
    </Image>
    <Image Include="res\Ability0008.bmp">
      <Filter>Resource Files</Filter>
    </Image>
  </ItemGroup>
</Project>